# Full immutable Fairseq commit; installed with --no-deps after the hashed wheel lock.
fairseq @ git+https://github.com/Tps-F/fairseq.git@ff08af27e302625a27d3502b0791a9367c8af0c7

# The engine itself is exported as source at this exact commit by the Dockerfile:
# https://github.com/RVC-Project/Retrieval-based-Voice-Conversion.git@7b284a634667c34103eaaeed972b48ccdb4b893e
